
Microsoft Visual Studio Solution File, Format Version 12.00
# Visual Studio 15
VisualStudioVersion = 15.0.28307.757
MinimumVisualStudioVersion = 10.0.40219.1
Project("{FAE04EC0-301F-11D3-BF4B-00C04F79EFBC}") = "Liteson", "Liteson\Liteson.csproj", "{8FA0DB16-B6E3-4927-A14D-D2A9A01B9BDE}"
EndProject
Global
	GlobalSection(SolutionConfigurationPlatforms) = preSolution
		Debug|Any CPU = Debug|Any CPU
		Release|Any CPU = Release|Any CPU
	EndGlobalSection
	GlobalSection(ProjectConfigurationPlatforms) = postSolution
		{8FA0DB16-B6E3-4927-A14D-D2A9A01B9BDE}.Debug|Any CPU.ActiveCfg = Debug|Any CPU
		{8FA0DB16-B6E3-4927-A14D-D2A9A01B9BDE}.Debug|Any CPU.Build.0 = Debug|Any CPU
		{8FA0DB16-B6E3-4927-A14D-D2A9A01B9BDE}.Release|Any CPU.ActiveCfg = Release|Any CPU
		{8FA0DB16-B6E3-4927-A14D-D2A9A01B9BDE}.Release|Any CPU.Build.0 = Release|Any CPU
	EndGlobalSection
	GlobalSection(SolutionProperties) = preSolution
		HideSolutionNode = FALSE
	EndGlobalSection
	GlobalSection(ExtensibilityGlobals) = postSolution
		SolutionGuid = {94BADD1F-029F-4DDC-8316-6BB8AE36E279}
	EndGlobalSection
EndGlobal
